
Microsoft Visual Studio Solution File, Format Version 12.00
# Visual Studio Version 17
VisualStudioVersion = 17.9.34616.47
MinimumVisualStudioVersion = 10.0.40219.1
Project("{FAE04EC0-301F-11D3-BF4B-00C04F79EFBC}") = "PROG6221Part1", "PROG6221Part1.csproj", "{4368B8B2-EE52-4373-9657-ACF0E5A91088}"
EndProject
Global
	GlobalSection(SolutionConfigurationPlatforms) = preSolution
		Debug|Any CPU = Debug|Any CPU
		Release|Any CPU = Release|Any CPU
	EndGlobalSection
	GlobalSection(ProjectConfigurationPlatforms) = postSolution
		{4368B8B2-EE52-4373-9657-ACF0E5A91088}.Debug|Any CPU.ActiveCfg = Debug|Any CPU
		{4368B8B2-EE52-4373-9657-ACF0E5A91088}.Debug|Any CPU.Build.0 = Debug|Any CPU
		{4368B8B2-EE52-4373-9657-ACF0E5A91088}.Release|Any CPU.ActiveCfg = Release|Any CPU
		{4368B8B2-EE52-4373-9657-ACF0E5A91088}.Release|Any CPU.Build.0 = Release|Any CPU
	EndGlobalSection
	GlobalSection(SolutionProperties) = preSolution
		HideSolutionNode = FALSE
	EndGlobalSection
	GlobalSection(ExtensibilityGlobals) = postSolution
		SolutionGuid = {82641543-469F-4E09-8522-0DF7C8F844B0}
	EndGlobalSection
EndGlobal
